
Microsoft Visual Studio Solution File, Format Version 12.00
# Visual Studio Version 16
VisualStudioVersion = 16.0.30717.126
MinimumVisualStudioVersion = 10.0.40219.1
Project("{9A19103F-16F7-4668-BE54-9A1E7A4F7556}") = "EA.SendMail.WebAPI", "EA.SendMail.WebAPI\EA.SendMail.WebAPI.csproj", "{42B0B6D0-619B-4319-B011-8CD4E8BF763B}"
EndProject
Global
	GlobalSection(SolutionConfigurationPlatforms) = preSolution
		Debug|Any CPU = Debug|Any CPU
		Release|Any CPU = Release|Any CPU
	EndGlobalSection
	GlobalSection(ProjectConfigurationPlatforms) = postSolution
		{42B0B6D0-619B-4319-B011-8CD4E8BF763B}.Debug|Any CPU.ActiveCfg = Debug|Any CPU
		{42B0B6D0-619B-4319-B011-8CD4E8BF763B}.Debug|Any CPU.Build.0 = Debug|Any CPU
		{42B0B6D0-619B-4319-B011-8CD4E8BF763B}.Release|Any CPU.ActiveCfg = Release|Any CPU
		{42B0B6D0-619B-4319-B011-8CD4E8BF763B}.Release|Any CPU.Build.0 = Release|Any CPU
	EndGlobalSection
	GlobalSection(SolutionProperties) = preSolution
		HideSolutionNode = FALSE
	EndGlobalSection
	GlobalSection(ExtensibilityGlobals) = postSolution
		SolutionGuid = {D426833D-BB59-4701-A03B-D9094A4085E7}
	EndGlobalSection
EndGlobal
